
Microsoft Visual Studio Solution File, Format Version 12.00
Project("{FAE04EC0-301F-11D3-BF4B-00C04F79EFBC}") = "AppHost", "AppHost\AppHost.csproj", "{44254714-6F00-4485-BB7A-39AE9312F1B6}"
EndProject
Project("{FAE04EC0-301F-11D3-BF4B-00C04F79EFBC}") = "ServiceDefaults", "ServiceDefaults\ServiceDefaults.csproj", "{3F8C30CE-6638-4A37-AAF1-885DC04DDD94}"
EndProject
Project("{FAE04EC0-301F-11D3-BF4B-00C04F79EFBC}") = "WebApi", "WebApi\WebApi.csproj", "{C6877B1F-DD03-4392-A2E6-2849428FB4D3}"
EndProject
Project("{FAE04EC0-301F-11D3-BF4B-00C04F79EFBC}") = "Worker", "Worker\Worker.csproj", "{D773E81F-942C-4504-B0B1-1FA31DD0AC71}"
EndProject
Global
	GlobalSection(SolutionConfigurationPlatforms) = preSolution
		Debug|Any CPU = Debug|Any CPU
		Release|Any CPU = Release|Any CPU
	EndGlobalSection
	GlobalSection(ProjectConfigurationPlatforms) = postSolution
		{44254714-6F00-4485-BB7A-39AE9312F1B6}.Debug|Any CPU.ActiveCfg = Debug|Any CPU
		{44254714-6F00-4485-BB7A-39AE9312F1B6}.Debug|Any CPU.Build.0 = Debug|Any CPU
		{44254714-6F00-4485-BB7A-39AE9312F1B6}.Release|Any CPU.ActiveCfg = Release|Any CPU
		{44254714-6F00-4485-BB7A-39AE9312F1B6}.Release|Any CPU.Build.0 = Release|Any CPU
		{3F8C30CE-6638-4A37-AAF1-885DC04DDD94}.Debug|Any CPU.ActiveCfg = Debug|Any CPU
		{3F8C30CE-6638-4A37-AAF1-885DC04DDD94}.Debug|Any CPU.Build.0 = Debug|Any CPU
		{3F8C30CE-6638-4A37-AAF1-885DC04DDD94}.Release|Any CPU.ActiveCfg = Release|Any CPU
		{3F8C30CE-6638-4A37-AAF1-885DC04DDD94}.Release|Any CPU.Build.0 = Release|Any CPU
		{C6877B1F-DD03-4392-A2E6-2849428FB4D3}.Debug|Any CPU.ActiveCfg = Debug|Any CPU
		{C6877B1F-DD03-4392-A2E6-2849428FB4D3}.Debug|Any CPU.Build.0 = Debug|Any CPU
		{C6877B1F-DD03-4392-A2E6-2849428FB4D3}.Release|Any CPU.ActiveCfg = Release|Any CPU
		{C6877B1F-DD03-4392-A2E6-2849428FB4D3}.Release|Any CPU.Build.0 = Release|Any CPU
		{D773E81F-942C-4504-B0B1-1FA31DD0AC71}.Debug|Any CPU.ActiveCfg = Debug|Any CPU
		{D773E81F-942C-4504-B0B1-1FA31DD0AC71}.Debug|Any CPU.Build.0 = Debug|Any CPU
		{D773E81F-942C-4504-B0B1-1FA31DD0AC71}.Release|Any CPU.ActiveCfg = Release|Any CPU
		{D773E81F-942C-4504-B0B1-1FA31DD0AC71}.Release|Any CPU.Build.0 = Release|Any CPU
	EndGlobalSection
EndGlobal
